
Microsoft Visual Studio Solution File, Format Version 12.00
# Visual Studio Version 17
VisualStudioVersion = 17.2.32526.322
MinimumVisualStudioVersion = 10.0.40219.1
Project("{F184B08F-C81C-45F6-A57F-5ABD9991F28F}") = "Offline CKO - Windows App", "Offline CKO - Windows App\Offline CKO - Windows App.vbproj", "{3DB8E1B7-EF15-405C-8ADF-264A727C1650}"
EndProject
Global
	GlobalSection(SolutionConfigurationPlatforms) = preSolution
		Debug|Any CPU = Debug|Any CPU
		Release|Any CPU = Release|Any CPU
	EndGlobalSection
	GlobalSection(ProjectConfigurationPlatforms) = postSolution
		{3DB8E1B7-EF15-405C-8ADF-264A727C1650}.Debug|Any CPU.ActiveCfg = Debug|Any CPU
		{3DB8E1B7-EF15-405C-8ADF-264A727C1650}.Debug|Any CPU.Build.0 = Debug|Any CPU
		{3DB8E1B7-EF15-405C-8ADF-264A727C1650}.Release|Any CPU.ActiveCfg = Release|Any CPU
		{3DB8E1B7-EF15-405C-8ADF-264A727C1650}.Release|Any CPU.Build.0 = Release|Any CPU
	EndGlobalSection
	GlobalSection(SolutionProperties) = preSolution
		HideSolutionNode = FALSE
	EndGlobalSection
	GlobalSection(ExtensibilityGlobals) = postSolution
		SolutionGuid = {4A034299-988A-45A8-A8F3-E06939C11555}
	EndGlobalSection
EndGlobal
